{
  "version": "1.0.0",
  "lockfileVersion": 1,
  "packages": {
    "@agent-relay/merge-train-snippet#agents.md:AGENTS.md": {
      "version": "1.0.2",
      "resolved": "https://registry.prpm.dev/api/v1/packages/%40agent-relay%2Fmerge-train-snippet/1.0.2.tar.gz",
      "integrity": "sha256-1f05ddc23e4553e185f5988fe69b88989b96ad57e38e7e39aafeab45fc735959",
      "format": "agents.md",
      "subtype": "snippet",
      "sourceFormat": "generic",
      "sourceSubtype": "snippet",
      "installedPath": "AGENTS.md",
      "snippetMetadata": {
        "targetPath": "AGENTS.md",
        "config": {
          "target": "AGENTS.md",
          "position": "append"
        }
      }
    }
  },
  "generated": "2026-10-09T15:26:11.482Z"
}