{
  "name": "@relayhistory/provider-sources",
  "version": "0.18.7",
  "lockfileVersion": 3,
  "requires": true,
  "packages": {
    "": {
      "name": "@relayhistory/provider-sources",
      "version": "0.18.7",
      "license": "MIT",
      "devDependencies": {
        "@types/node": "^22.18.0",
        "ai-hist": "file:../../../sdk-ts",
        "typescript": "^5.9.2"
      },
      "engines": {
        "node": ">=20"
      },
      "optionalDependencies": {
        "@relayhistory/provider-sources-darwin-arm64": "0.18.7",
        "@relayhistory/provider-sources-darwin-x64": "0.18.7",
        "@relayhistory/provider-sources-linux-arm64-gnu": "0.18.7",
        "@relayhistory/provider-sources-linux-arm64-musl": "0.18.7",
        "@relayhistory/provider-sources-linux-x64-gnu": "0.18.7",
        "@relayhistory/provider-sources-linux-x64-musl": "0.18.7",
        "@relayhistory/provider-sources-win32-x64-msvc": "0.18.7"
      },
      "peerDependencies": {
        "ai-hist": "^0.18.7"
      }
    },
    "../../../sdk-ts": {
      "name": "ai-hist",
      "version": "0.18.7",
      "dev": true,
      "license": "MIT",
      "dependencies": {
        "@modelcontextprotocol/sdk": "^1.29.0",
        "ai-hist-native": "file:../crates/ai-hist-napi",
        "zod": "^4.4.3"
      },
      "bin": {
        "ai-hist": "dist/cli.js",
        "ai-hist-mcp": "dist/mcp-server.js"
      },
      "devDependencies": {
        "@types/node": "^22.18.0",
        "typescript": "^5.9.2"
      },
      "engines": {
        "node": ">=20"
      }
    },
    "node_modules/@types/node": {
      "version": "22.20.2",
      "resolved": "https://registry.npmjs.org/@types/node/-/node-22.20.2.tgz",
      "integrity": "sha512-xlvWf4Vs9n1PEVYwP1n4vvG07M6y8WgvJ2t0vbrWTmijsIHp1cS+uJ2kMIRdY3nHZK0nCYKrPeD171+SzF4/zw==",
      "dev": true,
      "license": "MIT",
      "dependencies": {
        "undici-types": "~6.21.0"
      }
    },
    "node_modules/ai-hist": {
      "resolved": "../../../sdk-ts",
      "link": true
    },
    "node_modules/typescript": {
      "version": "5.9.3",
      "resolved": "https://registry.npmjs.org/typescript/-/typescript-5.9.3.tgz",
      "integrity": "sha512-jl1vZzPDinLr9eUt3J/t7V6FgNEw9QjvBPdysz9KfQDD41fQrC2Y4vKQdiaUpFT4bXlb1RHhLpp8wtm6M5TgSw==",
      "dev": true,
      "license": "Apache-2.0",
      "bin": {
        "tsc": "bin/tsc",
        "tsserver": "bin/tsserver"
      },
      "engines": {
        "node": ">=14.17"
      }
    },
    "node_modules/undici-types": {
      "version": "6.21.0",
      "resolved": "https://registry.npmjs.org/undici-types/-/undici-types-6.21.0.tgz",
      "integrity": "sha512-iwDZqg0QAGrg9Rav5H4n0M64c3mkR59cJ6wQp+7C4nI0gsmExaedaYLNO44eT4AtBBwjbTiGPMlt2Md0T9H9JQ==",
      "dev": true,
      "license": "MIT"
    },
    "node_modules/@relayhistory/provider-sources-darwin-arm64": {
      "version": "0.18.7",
      "resolved": "https://registry.npmjs.org/@relayhistory/provider-sources-darwin-arm64/-/provider-sources-darwin-arm64-0.18.7.tgz",
      "optional": true,
      "os": [
        "darwin"
      ],
      "cpu": [
        "arm64"
      ],
      "license": "MIT"
    },
    "node_modules/@relayhistory/provider-sources-darwin-x64": {
      "version": "0.18.7",
      "resolved": "https://registry.npmjs.org/@relayhistory/provider-sources-darwin-x64/-/provider-sources-darwin-x64-0.18.7.tgz",
      "optional": true,
      "os": [
        "darwin"
      ],
      "cpu": [
        "x64"
      ],
      "license": "MIT"
    },
    "node_modules/@relayhistory/provider-sources-linux-x64-gnu": {
      "version": "0.18.7",
      "resolved": "https://registry.npmjs.org/@relayhistory/provider-sources-linux-x64-gnu/-/provider-sources-linux-x64-gnu-0.18.7.tgz",
      "optional": true,
      "os": [
        "linux"
      ],
      "cpu": [
        "x64"
      ],
      "libc": [
        "glibc"
      ],
      "license": "MIT"
    },
    "node_modules/@relayhistory/provider-sources-linux-arm64-gnu": {
      "version": "0.18.7",
      "resolved": "https://registry.npmjs.org/@relayhistory/provider-sources-linux-arm64-gnu/-/provider-sources-linux-arm64-gnu-0.18.7.tgz",
      "optional": true,
      "os": [
        "linux"
      ],
      "cpu": [
        "arm64"
      ],
      "libc": [
        "glibc"
      ],
      "license": "MIT"
    },
    "node_modules/@relayhistory/provider-sources-linux-x64-musl": {
      "version": "0.18.7",
      "resolved": "https://registry.npmjs.org/@relayhistory/provider-sources-linux-x64-musl/-/provider-sources-linux-x64-musl-0.18.7.tgz",
      "optional": true,
      "os": [
        "linux"
      ],
      "cpu": [
        "x64"
      ],
      "libc": [
        "musl"
      ],
      "license": "MIT"
    },
    "node_modules/@relayhistory/provider-sources-linux-arm64-musl": {
      "version": "0.18.7",
      "resolved": "https://registry.npmjs.org/@relayhistory/provider-sources-linux-arm64-musl/-/provider-sources-linux-arm64-musl-0.18.7.tgz",
      "optional": true,
      "os": [
        "linux"
      ],
      "cpu": [
        "arm64"
      ],
      "libc": [
        "musl"
      ],
      "license": "MIT"
    },
    "node_modules/@relayhistory/provider-sources-win32-x64-msvc": {
      "version": "0.18.7",
      "resolved": "https://registry.npmjs.org/@relayhistory/provider-sources-win32-x64-msvc/-/provider-sources-win32-x64-msvc-0.18.7.tgz",
      "optional": true,
      "os": [
        "win32"
      ],
      "cpu": [
        "x64"
      ],
      "license": "MIT"
    }
  }
}
